// !$*UTF8*$!
{
	archiveVersion = 1;
	classes = {
	};
	objectVersion = 56;
	objects = {

/* Begin PBXBuildFile section */
		34A80D182E316B2E0095BECA /* ASAccessibilityEnabler.m in Sources */ = {isa = PBXBuildFile; fileRef = 34A80D082E316B2E0095BECA /* ASAccessibilityEnabler.m */; };
		34A80D192E316B2E0095BECA /* String+Localization.swift in Sources */ = {isa = PBXBuildFile; fileRef = 34A80D122E316B2E0095BECA /* String+Localization.swift */; };
		34A80D1A2E316B2E0095BECA /* UIAccessibility+SnapshotAdditions.swift in Sources */ = {isa = PBXBuildFile; fileRef = 34A80D132E316B2E0095BECA /* UIAccessibility+SnapshotAdditions.swift */; };
		34A80D1B2E316B2E0095BECA /* AccessibilityHierarchyParser.swift in Sources */ = {isa = PBXBuildFile; fileRef = 34A80D112E316B2E0095BECA /* AccessibilityHierarchyParser.swift */; };
		34A80D1C2E316B2E0095BECA /* UIAccessibilityStatusUtility.m in Sources */ = {isa = PBXBuildFile; fileRef = 34A80D092E316B2E0095BECA /* UIAccessibilityStatusUtility.m */; };
		34A80D1E2E316B2E0095BECA /* Images.xcassets in Resources */ = {isa = PBXBuildFile; fileRef = 34A80D0B2E316B2E0095BECA /* Images.xcassets */; };
		34A80D1F2E316B2E0095BECA /* Localizable.strings in Resources */ = {isa = PBXBuildFile; fileRef = 34A80D0F2E316B2E0095BECA /* Localizable.strings */; };
		34A80D202E316B2E0095BECA /* ASAccessibilityEnabler.m in Sources */ = {isa = PBXBuildFile; fileRef = 34A80D082E316B2E0095BECA /* ASAccessibilityEnabler.m */; };
		34A80D212E316B2E0095BECA /* String+Localization.swift in Sources */ = {isa = PBXBuildFile; fileRef = 34A80D122E316B2E0095BECA /* String+Localization.swift */; };
		34A80D222E316B2E0095BECA /* UIAccessibility+SnapshotAdditions.swift in Sources */ = {isa = PBXBuildFile; fileRef = 34A80D132E316B2E0095BECA /* UIAccessibility+SnapshotAdditions.swift */; };
		34A80D232E316B2E0095BECA /* AccessibilityHierarchyParser.swift in Sources */ = {isa = PBXBuildFile; fileRef = 34A80D112E316B2E0095BECA /* AccessibilityHierarchyParser.swift */; };
		34A80D242E316B2E0095BECA /* UIAccessibilityStatusUtility.m in Sources */ = {isa = PBXBuildFile; fileRef = 34A80D092E316B2E0095BECA /* UIAccessibilityStatusUtility.m */; };
		34A80D262E316B2E0095BECA /* Images.xcassets in Resources */ = {isa = PBXBuildFile; fileRef = 34A80D0B2E316B2E0095BECA /* Images.xcassets */; };
		34A80D272E316B2E0095BECA /* Localizable.strings in Resources */ = {isa = PBXBuildFile; fileRef = 34A80D0F2E316B2E0095BECA /* Localizable.strings */; };
		34A80D282E316B2E0095BECA /* UIAccessibilityStatusUtility.h in Headers */ = {isa = PBXBuildFile; fileRef = 34A80D062E316B2E0095BECA /* UIAccessibilityStatusUtility.h */; };
		34A80D352E316C570095BECA /* Localizations.swift in Sources */ = {isa = PBXBuildFile; fileRef = 34A80D2E2E316C570095BECA /* Localizations.swift */; };
		34A80D372E316C570095BECA /* HitTargetSnapshotUtility.swift in Sources */ = {isa = PBXBuildFile; fileRef = 34A80D2C2E316C570095BECA /* HitTargetSnapshotUtility.swift */; };
		34A80D382E316C570095BECA /* DefaultColors.swift in Sources */ = {isa = PBXBuildFile; fileRef = 34A80D2B2E316C570095BECA /* DefaultColors.swift */; };
		34A80D392E316C570095BECA /* PillsView.swift in Sources */ = {isa = PBXBuildFile; fileRef = 34A80D2A2E316C570095BECA /* PillsView.swift */; };
		34A80D3A2E316C570095BECA /* UIView+ImageRendering.swift in Sources */ = {isa = PBXBuildFile; fileRef = 34A80D312E316C570095BECA /* UIView+ImageRendering.swift */; };
		34A80D3B2E316C570095BECA /* HitTargetSnapshotView.swift in Sources */ = {isa = PBXBuildFile; fileRef = 34A80D2D2E316C570095BECA /* HitTargetSnapshotView.swift */; };
		34A80D3C2E316C570095BECA /* AccessibilitySnapshotView.swift in Sources */ = {isa = PBXBuildFile; fileRef = 34A80D292E316C570095BECA /* AccessibilitySnapshotView.swift */; };
		34A80D3D2E316C570095BECA /* UIView+InvertColorsSnapshotting.swift in Sources */ = {isa = PBXBuildFile; fileRef = 34A80D322E316C570095BECA /* UIView+InvertColorsSnapshotting.swift */; };
		34A80D3E2E316C570095BECA /* UIApplication+FirstKeyWindow.swift in Sources */ = {isa = PBXBuildFile; fileRef = 34A80D302E316C570095BECA /* UIApplication+FirstKeyWindow.swift */; };
		34A80D3F2E316C570095BECA /* SnapshotAndLegendView.swift in Sources */ = {isa = PBXBuildFile; fileRef = 34A80D2F2E316C570095BECA /* SnapshotAndLegendView.swift */; };
		34A80D402E316C570095BECA /* Localizations.swift in Sources */ = {isa = PBXBuildFile; fileRef = 34A80D2E2E316C570095BECA /* Localizations.swift */; };
		34A80D422E316C570095BECA /* HitTargetSnapshotUtility.swift in Sources */ = {isa = PBXBuildFile; fileRef = 34A80D2C2E316C570095BECA /* HitTargetSnapshotUtility.swift */; };
		34A80D432E316C570095BECA /* DefaultColors.swift in Sources */ = {isa = PBXBuildFile; fileRef = 34A80D2B2E316C570095BECA /* DefaultColors.swift */; };
		34A80D442E316C570095BECA /* PillsView.swift in Sources */ = {isa = PBXBuildFile; fileRef = 34A80D2A2E316C570095BECA /* PillsView.swift */; };
		34A80D452E316C570095BECA /* UIView+ImageRendering.swift in Sources */ = {isa = PBXBuildFile; fileRef = 34A80D312E316C570095BECA /* UIView+ImageRendering.swift */; };
		34A80D462E316C570095BECA /* HitTargetSnapshotView.swift in Sources */ = {isa = PBXBuildFile; fileRef = 34A80D2D2E316C570095BECA /* HitTargetSnapshotView.swift */; };
		34A80D472E316C570095BECA /* AccessibilitySnapshotView.swift in Sources */ = {isa = PBXBuildFile; fileRef = 34A80D292E316C570095BECA /* AccessibilitySnapshotView.swift */; };
		34A80D482E316C570095BECA /* UIView+InvertColorsSnapshotting.swift in Sources */ = {isa = PBXBuildFile; fileRef = 34A80D322E316C570095BECA /* UIView+InvertColorsSnapshotting.swift */; };
		34A80D492E316C570095BECA /* UIApplication+FirstKeyWindow.swift in Sources */ = {isa = PBXBuildFile; fileRef = 34A80D302E316C570095BECA /* UIApplication+FirstKeyWindow.swift */; };
		34A80D4A2E316C570095BECA /* SnapshotAndLegendView.swift in Sources */ = {isa = PBXBuildFile; fileRef = 34A80D2F2E316C570095BECA /* SnapshotAndLegendView.swift */; };
		AC2128A02E8406BB0041155B /* AccessibilitySnapshotConfiguration.swift in Sources */ = {isa = PBXBuildFile; fileRef = AC21289F2E8406BB0041155B /* AccessibilitySnapshotConfiguration.swift */; };
		AC2128A12E8406BB0041155B /* AccessibilitySnapshotConfiguration.swift in Sources */ = {isa = PBXBuildFile; fileRef = AC21289F2E8406BB0041155B /* AccessibilitySnapshotConfiguration.swift */; };
		ACC8178E2E42368A00B9CA5D /* LegendView.swift in Sources */ = {isa = PBXBuildFile; fileRef = ACC8178D2E42368A00B9CA5D /* LegendView.swift */; };
		ACC8178F2E42368A00B9CA5D /* LegendView.swift in Sources */ = {isa = PBXBuildFile; fileRef = ACC8178D2E42368A00B9CA5D /* LegendView.swift */; };
		ACC817912E4236D600B9CA5D /* CustomActionsView.swift in Sources */ = {isa = PBXBuildFile; fileRef = ACC817902E4236D600B9CA5D /* CustomActionsView.swift */; };
		ACC817922E4236D600B9CA5D /* CustomActionsView.swift in Sources */ = {isa = PBXBuildFile; fileRef = ACC817902E4236D600B9CA5D /* CustomActionsView.swift */; };
		ACC817942E4236EF00B9CA5D /* CustomContentView.swift in Sources */ = {isa = PBXBuildFile; fileRef = ACC817932E4236EF00B9CA5D /* CustomContentView.swift */; };
		ACC817952E4236EF00B9CA5D /* CustomContentView.swift in Sources */ = {isa = PBXBuildFile; fileRef = ACC817932E4236EF00B9CA5D /* CustomContentView.swift */; };
		EF28C2DB2A55CA5800D78303 /* AccessibilitySnapshot.bundle in Resources */ = {isa = PBXBuildFile; fileRef = EF28C2D52A55CA2700D78303 /* AccessibilitySnapshot.bundle */; };
		EF4D51F32A55A51D00FF0E46 /* AccessibilitySnapshotCore.h in Headers */ = {isa = PBXBuildFile; fileRef = EF4D51F22A55A51D00FF0E46 /* AccessibilitySnapshotCore.h */; settings = {ATTRIBUTES = (Public, ); }; };
/* End PBXBuildFile section */

/* Begin PBXContainerItemProxy section */
		EF28C2DC2A55CAF600D78303 /* PBXContainerItemProxy */ = {
			isa = PBXContainerItemProxy;
			containerPortal = EF4D51CC2A55A3B200FF0E46 /* Project object */;
			proxyType = 1;
			remoteGlobalIDString = EF28C2D42A55CA2700D78303;
			remoteInfo = AccessibilitySnapshot;
		};
/* End PBXContainerItemProxy section */

/* Begin PBXFileReference section */
		34A80D062E316B2E0095BECA /* UIAccessibilityStatusUtility.h */ = {isa = PBXFileReference; lastKnownFileType = sourcecode.c.h; path = UIAccessibilityStatusUtility.h; sourceTree = "<group>"; };
		34A80D082E316B2E0095BECA /* ASAccessibilityEnabler.m */ = {isa = PBXFileReference; lastKnownFileType = sourcecode.c.objc; path = ASAccessibilityEnabler.m; sourceTree = "<group>"; };
		34A80D092E316B2E0095BECA /* UIAccessibilityStatusUtility.m */ = {isa = PBXFileReference; lastKnownFileType = sourcecode.c.objc; path = UIAccessibilityStatusUtility.m; sourceTree = "<group>"; };
		34A80D0B2E316B2E0095BECA /* Images.xcassets */ = {isa = PBXFileReference; lastKnownFileType = folder.assetcatalog; path = Images.xcassets; sourceTree = "<group>"; };
		34A80D0C2E316B2E0095BECA /* de */ = {isa = PBXFileReference; lastKnownFileType = text.plist.strings; name = de; path = de.lproj/Localizable.strings; sourceTree = "<group>"; };
		34A80D0D2E316B2E0095BECA /* en */ = {isa = PBXFileReference; lastKnownFileType = text.plist.strings; name = en; path = en.lproj/Localizable.strings; sourceTree = "<group>"; };
		34A80D0E2E316B2E0095BECA /* ru */ = {isa = PBXFileReference; lastKnownFileType = text.plist.strings; name = ru; path = ru.lproj/Localizable.strings; sourceTree = "<group>"; };
		34A80D112E316B2E0095BECA /* AccessibilityHierarchyParser.swift */ = {isa = PBXFileReference; lastKnownFileType = sourcecode.swift; path = AccessibilityHierarchyParser.swift; sourceTree = "<group>"; };
		34A80D122E316B2E0095BECA /* String+Localization.swift */ = {isa = PBXFileReference; lastKnownFileType = sourcecode.swift; path = "String+Localization.swift"; sourceTree = "<group>"; };
		34A80D132E316B2E0095BECA /* UIAccessibility+SnapshotAdditions.swift */ = {isa = PBXFileReference; lastKnownFileType = sourcecode.swift; path = "UIAccessibility+SnapshotAdditions.swift"; sourceTree = "<group>"; };
		34A80D162E316B2E0095BECA /* Info.plist */ = {isa = PBXFileReference; lastKnownFileType = text.plist.xml; path = Info.plist; sourceTree = "<group>"; };
		34A80D292E316C570095BECA /* AccessibilitySnapshotView.swift */ = {isa = PBXFileReference; lastKnownFileType = sourcecode.swift; path = AccessibilitySnapshotView.swift; sourceTree = "<group>"; };
		34A80D2A2E316C570095BECA /* PillsView.swift */ = {isa = PBXFileReference; lastKnownFileType = sourcecode.swift; path = PillsView.swift; sourceTree = "<group>"; };
		34A80D2B2E316C570095BECA /* DefaultColors.swift */ = {isa = PBXFileReference; lastKnownFileType = sourcecode.swift; path = DefaultColors.swift; sourceTree = "<group>"; };
		34A80D2C2E316C570095BECA /* HitTargetSnapshotUtility.swift */ = {isa = PBXFileReference; lastKnownFileType = sourcecode.swift; path = HitTargetSnapshotUtility.swift; sourceTree = "<group>"; };
		34A80D2D2E316C570095BECA /* HitTargetSnapshotView.swift */ = {isa = PBXFileReference; lastKnownFileType = sourcecode.swift; path = HitTargetSnapshotView.swift; sourceTree = "<group>"; };
		34A80D2E2E316C570095BECA /* Localizations.swift */ = {isa = PBXFileReference; lastKnownFileType = sourcecode.swift; path = Localizations.swift; sourceTree = "<group>"; };
		34A80D2F2E316C570095BECA /* SnapshotAndLegendView.swift */ = {isa = PBXFileReference; lastKnownFileType = sourcecode.swift; path = SnapshotAndLegendView.swift; sourceTree = "<group>"; };
		34A80D302E316C570095BECA /* UIApplication+FirstKeyWindow.swift */ = {isa = PBXFileReference; lastKnownFileType = sourcecode.swift; path = "UIApplication+FirstKeyWindow.swift"; sourceTree = "<group>"; };
		34A80D312E316C570095BECA /* UIView+ImageRendering.swift */ = {isa = PBXFileReference; lastKnownFileType = sourcecode.swift; path = "UIView+ImageRendering.swift"; sourceTree = "<group>"; };
		34A80D322E316C570095BECA /* UIView+InvertColorsSnapshotting.swift */ = {isa = PBXFileReference; lastKnownFileType = sourcecode.swift; path = "UIView+InvertColorsSnapshotting.swift"; sourceTree = "<group>"; };
		AC21289F2E8406BB0041155B /* AccessibilitySnapshotConfiguration.swift */ = {isa = PBXFileReference; lastKnownFileType = sourcecode.swift; path = AccessibilitySnapshotConfiguration.swift; sourceTree = "<group>"; };
		ACC8178D2E42368A00B9CA5D /* LegendView.swift */ = {isa = PBXFileReference; lastKnownFileType = sourcecode.swift; path = LegendView.swift; sourceTree = "<group>"; };
		ACC817902E4236D600B9CA5D /* CustomActionsView.swift */ = {isa = PBXFileReference; lastKnownFileType = sourcecode.swift; path = CustomActionsView.swift; sourceTree = "<group>"; };
		ACC817932E4236EF00B9CA5D /* CustomContentView.swift */ = {isa = PBXFileReference; lastKnownFileType = sourcecode.swift; path = CustomContentView.swift; sourceTree = "<group>"; };
		EF28C2D52A55CA2700D78303 /* AccessibilitySnapshot.bundle */ = {isa = PBXFileReference; explicitFileType = wrapper.cfbundle; includeInIndex = 0; path = AccessibilitySnapshot.bundle; sourceTree = BUILT_PRODUCTS_DIR; };
		EF4D51EF2A55A51D00FF0E46 /* AccessibilitySnapshotCore.framework */ = {isa = PBXFileReference; explicitFileType = wrapper.framework; includeInIndex = 0; path = AccessibilitySnapshotCore.framework; sourceTree = BUILT_PRODUCTS_DIR; };
		EF4D51F22A55A51D00FF0E46 /* AccessibilitySnapshotCore.h */ = {isa = PBXFileReference; lastKnownFileType = sourcecode.c.h; path = AccessibilitySnapshotCore.h; sourceTree = "<group>"; };
/* End PBXFileReference section */

/* Begin PBXFrameworksBuildPhase section */
		EF28C2D22A55CA2700D78303 /* Frameworks */ = {
			isa = PBXFrameworksBuildPhase;
			buildActionMask = 2147483647;
			files = (
			);
			runOnlyForDeploymentPostprocessing = 0;
		};
		EF4D51EC2A55A51D00FF0E46 /* Frameworks */ = {
			isa = PBXFrameworksBuildPhase;
			buildActionMask = 2147483647;
			files = (
			);
			runOnlyForDeploymentPostprocessing = 0;
		};
/* End PBXFrameworksBuildPhase section */

/* Begin PBXGroup section */
		34A80D072E316B2E0095BECA /* include */ = {
			isa = PBXGroup;
			children = (
				34A80D062E316B2E0095BECA /* UIAccessibilityStatusUtility.h */,
			);
			path = include;
			sourceTree = "<group>";
		};
		34A80D0A2E316B2E0095BECA /* ObjC */ = {
			isa = PBXGroup;
			children = (
				34A80D072E316B2E0095BECA /* include */,
				34A80D082E316B2E0095BECA /* ASAccessibilityEnabler.m */,
				34A80D092E316B2E0095BECA /* UIAccessibilityStatusUtility.m */,
			);
			path = ObjC;
			sourceTree = "<group>";
		};
		34A80D102E316B2E0095BECA /* Assets */ = {
			isa = PBXGroup;
			children = (
				34A80D0B2E316B2E0095BECA /* Images.xcassets */,
				34A80D0F2E316B2E0095BECA /* Localizable.strings */,
			);
			path = Assets;
			sourceTree = "<group>";
		};
		34A80D142E316B2E0095BECA /* Classes */ = {
			isa = PBXGroup;
			children = (
				34A80D112E316B2E0095BECA /* AccessibilityHierarchyParser.swift */,
				34A80D122E316B2E0095BECA /* String+Localization.swift */,
				34A80D132E316B2E0095BECA /* UIAccessibility+SnapshotAdditions.swift */,
			);
			path = Classes;
			sourceTree = "<group>";
		};
		34A80D152E316B2E0095BECA /* Swift */ = {
			isa = PBXGroup;
			children = (
				34A80D102E316B2E0095BECA /* Assets */,
				34A80D142E316B2E0095BECA /* Classes */,
			);
			path = Swift;
			sourceTree = "<group>";
		};
		34A80D172E316B2E0095BECA /* Parser */ = {
			isa = PBXGroup;
			children = (
				34A80D0A2E316B2E0095BECA /* ObjC */,
				34A80D152E316B2E0095BECA /* Swift */,
				34A80D162E316B2E0095BECA /* Info.plist */,
				34A80D342E316C570095BECA /* Core */,
			);
			name = Parser;
			path = AccessibilitySnapshot/Parser;
			sourceTree = "<group>";
		};
		34A80D342E316C570095BECA /* Core */ = {
			isa = PBXGroup;
			children = (
				34A80D2B2E316C570095BECA /* DefaultColors.swift */,
				34A80D2C2E316C570095BECA /* HitTargetSnapshotUtility.swift */,
				34A80D292E316C570095BECA /* AccessibilitySnapshotView.swift */,
				ACC817932E4236EF00B9CA5D /* CustomContentView.swift */,
				ACC817902E4236D600B9CA5D /* CustomActionsView.swift */,
				ACC8178D2E42368A00B9CA5D /* LegendView.swift */,
				34A80D2A2E316C570095BECA /* PillsView.swift */,
				34A80D2D2E316C570095BECA /* HitTargetSnapshotView.swift */,
				34A80D2E2E316C570095BECA /* Localizations.swift */,
				34A80D2F2E316C570095BECA /* SnapshotAndLegendView.swift */,
				34A80D302E316C570095BECA /* UIApplication+FirstKeyWindow.swift */,
				34A80D312E316C570095BECA /* UIView+ImageRendering.swift */,
				34A80D322E316C570095BECA /* UIView+InvertColorsSnapshotting.swift */,
				AC21289F2E8406BB0041155B /* AccessibilitySnapshotConfiguration.swift */,
			);
			name = Core;
			path = AccessibilitySnapshot/Core;
			sourceTree = SOURCE_ROOT;
		};
		EF4D51CB2A55A3B200FF0E46 = {
			isa = PBXGroup;
			children = (
				34A80D172E316B2E0095BECA /* Parser */,
				EF4D51F12A55A51D00FF0E46 /* AccessibilitySnapshotCore */,
				EF4D51F02A55A51D00FF0E46 /* Products */,
			);
			sourceTree = "<group>";
		};
		EF4D51F02A55A51D00FF0E46 /* Products */ = {
			isa = PBXGroup;
			children = (
				EF4D51EF2A55A51D00FF0E46 /* AccessibilitySnapshotCore.framework */,
				EF28C2D52A55CA2700D78303 /* AccessibilitySnapshot.bundle */,
			);
			name = Products;
			sourceTree = "<group>";
		};
		EF4D51F12A55A51D00FF0E46 /* AccessibilitySnapshotCore */ = {
			isa = PBXGroup;
			children = (
				EF4D51F22A55A51D00FF0E46 /* AccessibilitySnapshotCore.h */,
			);
			path = AccessibilitySnapshotCore;
			sourceTree = "<group>";
		};
/* End PBXGroup section */

/* Begin PBXHeadersBuildPhase section */
		EF4D51EA2A55A51D00FF0E46 /* Headers */ = {
			isa = PBXHeadersBuildPhase;
			buildActionMask = 2147483647;
			files = (
				EF4D51F32A55A51D00FF0E46 /* AccessibilitySnapshotCore.h in Headers */,
				34A80D282E316B2E0095BECA /* UIAccessibilityStatusUtility.h in Headers */,
			);
			runOnlyForDeploymentPostprocessing = 0;
		};
/* End PBXHeadersBuildPhase section */

/* Begin PBXNativeTarget section */
		EF28C2D42A55CA2700D78303 /* AccessibilitySnapshot */ = {
			isa = PBXNativeTarget;
			buildConfigurationList = EF28C2D62A55CA2700D78303 /* Build configuration list for PBXNativeTarget "AccessibilitySnapshot" */;
			buildPhases = (
				EF28C2D12A55CA2700D78303 /* Sources */,
				EF28C2D22A55CA2700D78303 /* Frameworks */,
				EF28C2D32A55CA2700D78303 /* Resources */,
			);
			buildRules = (
			);
			dependencies = (
			);
			name = AccessibilitySnapshot;
			productName = AccessibilitySnapshotCoreBundle;
			productReference = EF28C2D52A55CA2700D78303 /* AccessibilitySnapshot.bundle */;
			productType = "com.apple.product-type.bundle";
		};
		EF4D51EE2A55A51D00FF0E46 /* AccessibilitySnapshotCore */ = {
			isa = PBXNativeTarget;
			buildConfigurationList = EF4D51F42A55A51D00FF0E46 /* Build configuration list for PBXNativeTarget "AccessibilitySnapshotCore" */;
			buildPhases = (
				EF4D51EA2A55A51D00FF0E46 /* Headers */,
				EF4D51EB2A55A51D00FF0E46 /* Sources */,
				EF4D51EC2A55A51D00FF0E46 /* Frameworks */,
				EF4D51ED2A55A51D00FF0E46 /* Resources */,
			);
			buildRules = (
			);
			dependencies = (
				EF28C2DD2A55CAF600D78303 /* PBXTargetDependency */,
			);
			name = AccessibilitySnapshotCore;
			productName = AccessibilitySnapshotCore;
			productReference = EF4D51EF2A55A51D00FF0E46 /* AccessibilitySnapshotCore.framework */;
			productType = "com.apple.product-type.framework";
		};
/* End PBXNativeTarget section */

/* Begin PBXProject section */
		EF4D51CC2A55A3B200FF0E46 /* Project object */ = {
			isa = PBXProject;
			attributes = {
				BuildIndependentTargetsInParallel = 1;
				LastUpgradeCheck = 1420;
				TargetAttributes = {
					EF28C2D42A55CA2700D78303 = {
						CreatedOnToolsVersion = 14.2;
					};
					EF4D51EE2A55A51D00FF0E46 = {
						CreatedOnToolsVersion = 14.2;
					};
				};
			};
			buildConfigurationList = EF4D51CF2A55A3B200FF0E46 /* Build configuration list for PBXProject "AccessibilitySnapshotCore" */;
			compatibilityVersion = "Xcode 14.0";
			developmentRegion = en;
			hasScannedForEncodings = 0;
			knownRegions = (
				en,
				Base,
				de,
				ru,
			);
			mainGroup = EF4D51CB2A55A3B200FF0E46;
			productRefGroup = EF4D51F02A55A51D00FF0E46 /* Products */;
			projectDirPath = "";
			projectRoot = "";
			targets = (
				EF4D51EE2A55A51D00FF0E46 /* AccessibilitySnapshotCore */,
				EF28C2D42A55CA2700D78303 /* AccessibilitySnapshot */,
			);
		};
/* End PBXProject section */

/* Begin PBXResourcesBuildPhase section */
		EF28C2D32A55CA2700D78303 /* Resources */ = {
			isa = PBXResourcesBuildPhase;
			buildActionMask = 2147483647;
			files = (
				34A80D1E2E316B2E0095BECA /* Images.xcassets in Resources */,
				34A80D1F2E316B2E0095BECA /* Localizable.strings in Resources */,
			);
			runOnlyForDeploymentPostprocessing = 0;
		};
		EF4D51ED2A55A51D00FF0E46 /* Resources */ = {
			isa = PBXResourcesBuildPhase;
			buildActionMask = 2147483647;
			files = (
				34A80D262E316B2E0095BECA /* Images.xcassets in Resources */,
				34A80D272E316B2E0095BECA /* Localizable.strings in Resources */,
				EF28C2DB2A55CA5800D78303 /* AccessibilitySnapshot.bundle in Resources */,
			);
			runOnlyForDeploymentPostprocessing = 0;
		};
/* End PBXResourcesBuildPhase section */

/* Begin PBXSourcesBuildPhase section */
		EF28C2D12A55CA2700D78303 /* Sources */ = {
			isa = PBXSourcesBuildPhase;
			buildActionMask = 2147483647;
			files = (
				34A80D182E316B2E0095BECA /* ASAccessibilityEnabler.m in Sources */,
				34A80D192E316B2E0095BECA /* String+Localization.swift in Sources */,
				34A80D402E316C570095BECA /* Localizations.swift in Sources */,
				AC2128A12E8406BB0041155B /* AccessibilitySnapshotConfiguration.swift in Sources */,
				ACC817922E4236D600B9CA5D /* CustomActionsView.swift in Sources */,
				34A80D422E316C570095BECA /* HitTargetSnapshotUtility.swift in Sources */,
				34A80D432E316C570095BECA /* DefaultColors.swift in Sources */,
				34A80D442E316C570095BECA /* PillsView.swift in Sources */,
				34A80D452E316C570095BECA /* UIView+ImageRendering.swift in Sources */,
				34A80D462E316C570095BECA /* HitTargetSnapshotView.swift in Sources */,
				34A80D472E316C570095BECA /* AccessibilitySnapshotView.swift in Sources */,
				34A80D482E316C570095BECA /* UIView+InvertColorsSnapshotting.swift in Sources */,
				34A80D492E316C570095BECA /* UIApplication+FirstKeyWindow.swift in Sources */,
				ACC8178F2E42368A00B9CA5D /* LegendView.swift in Sources */,
				34A80D4A2E316C570095BECA /* SnapshotAndLegendView.swift in Sources */,
				ACC817942E4236EF00B9CA5D /* CustomContentView.swift in Sources */,
				34A80D1A2E316B2E0095BECA /* UIAccessibility+SnapshotAdditions.swift in Sources */,
				34A80D1B2E316B2E0095BECA /* AccessibilityHierarchyParser.swift in Sources */,
				34A80D1C2E316B2E0095BECA /* UIAccessibilityStatusUtility.m in Sources */,
			);
			runOnlyForDeploymentPostprocessing = 0;
		};
		EF4D51EB2A55A51D00FF0E46 /* Sources */ = {
			isa = PBXSourcesBuildPhase;
			buildActionMask = 2147483647;
			files = (
				34A80D202E316B2E0095BECA /* ASAccessibilityEnabler.m in Sources */,
				34A80D212E316B2E0095BECA /* String+Localization.swift in Sources */,
				34A80D352E316C570095BECA /* Localizations.swift in Sources */,
				AC2128A02E8406BB0041155B /* AccessibilitySnapshotConfiguration.swift in Sources */,
				ACC817912E4236D600B9CA5D /* CustomActionsView.swift in Sources */,
				34A80D372E316C570095BECA /* HitTargetSnapshotUtility.swift in Sources */,
				34A80D382E316C570095BECA /* DefaultColors.swift in Sources */,
				34A80D392E316C570095BECA /* PillsView.swift in Sources */,
				34A80D3A2E316C570095BECA /* UIView+ImageRendering.swift in Sources */,
				34A80D3B2E316C570095BECA /* HitTargetSnapshotView.swift in Sources */,
				34A80D3C2E316C570095BECA /* AccessibilitySnapshotView.swift in Sources */,
				34A80D3D2E316C570095BECA /* UIView+InvertColorsSnapshotting.swift in Sources */,
				34A80D3E2E316C570095BECA /* UIApplication+FirstKeyWindow.swift in Sources */,
				ACC8178E2E42368A00B9CA5D /* LegendView.swift in Sources */,
				34A80D3F2E316C570095BECA /* SnapshotAndLegendView.swift in Sources */,
				ACC817952E4236EF00B9CA5D /* CustomContentView.swift in Sources */,
				34A80D222E316B2E0095BECA /* UIAccessibility+SnapshotAdditions.swift in Sources */,
				34A80D232E316B2E0095BECA /* AccessibilityHierarchyParser.swift in Sources */,
				34A80D242E316B2E0095BECA /* UIAccessibilityStatusUtility.m in Sources */,
			);
			runOnlyForDeploymentPostprocessing = 0;
		};
/* End PBXSourcesBuildPhase section */

/* Begin PBXTargetDependency section */
		EF28C2DD2A55CAF600D78303 /* PBXTargetDependency */ = {
			isa = PBXTargetDependency;
			target = EF28C2D42A55CA2700D78303 /* AccessibilitySnapshot */;
			targetProxy = EF28C2DC2A55CAF600D78303 /* PBXContainerItemProxy */;
		};
/* End PBXTargetDependency section */

/* Begin PBXVariantGroup section */
		34A80D0F2E316B2E0095BECA /* Localizable.strings */ = {
			isa = PBXVariantGroup;
			children = (
				34A80D0C2E316B2E0095BECA /* de */,
				34A80D0D2E316B2E0095BECA /* en */,
				34A80D0E2E316B2E0095BECA /* ru */,
			);
			name = Localizable.strings;
			sourceTree = "<group>";
		};
/* End PBXVariantGroup section */

/* Begin XCBuildConfiguration section */
		EF28C2D72A55CA2700D78303 /* Debug */ = {
			isa = XCBuildConfiguration;
			buildSettings = {
				ALWAYS_SEARCH_USER_PATHS = NO;
				CLANG_ANALYZER_NONNULL = YES;
				CLANG_ANALYZER_NUMBER_OBJECT_CONVERSION = YES_AGGRESSIVE;
				CLANG_CXX_LANGUAGE_STANDARD = "gnu++20";
				CLANG_ENABLE_MODULES = YES;
				CLANG_ENABLE_OBJC_ARC = YES;
				CLANG_ENABLE_OBJC_WEAK = YES;
				CLANG_WARN_BLOCK_CAPTURE_AUTORELEASING = YES;
				CLANG_WARN_BOOL_CONVERSION = YES;
				CLANG_WARN_COMMA = YES;
				CLANG_WARN_CONSTANT_CONVERSION = YES;
				CLANG_WARN_DEPRECATED_OBJC_IMPLEMENTATIONS = YES;
				CLANG_WARN_DIRECT_OBJC_ISA_USAGE = YES_ERROR;
				CLANG_WARN_DOCUMENTATION_COMMENTS = YES;
				CLANG_WARN_EMPTY_BODY = YES;
				CLANG_WARN_ENUM_CONVERSION = YES;
				CLANG_WARN_INFINITE_RECURSION = YES;
				CLANG_WARN_INT_CONVERSION = YES;
				CLANG_WARN_NON_LITERAL_NULL_CONVERSION = YES;
				CLANG_WARN_OBJC_IMPLICIT_RETAIN_SELF = YES;
				CLANG_WARN_OBJC_LITERAL_CONVERSION = YES;
				CLANG_WARN_OBJC_ROOT_CLASS = YES_ERROR;
				CLANG_WARN_QUOTED_INCLUDE_IN_FRAMEWORK_HEADER = YES;
				CLANG_WARN_RANGE_LOOP_ANALYSIS = YES;
				CLANG_WARN_STRICT_PROTOTYPES = YES;
				CLANG_WARN_SUSPICIOUS_MOVE = YES;
				CLANG_WARN_UNGUARDED_AVAILABILITY = YES_AGGRESSIVE;
				CLANG_WARN_UNREACHABLE_CODE = YES;
				CLANG_WARN__DUPLICATE_METHOD_MATCH = YES;
				CODE_SIGN_STYLE = Automatic;
				COMBINE_HIDPI_IMAGES = YES;
				COPY_PHASE_STRIP = NO;
				CURRENT_PROJECT_VERSION = 1;
				DEBUG_INFORMATION_FORMAT = dwarf;
				DEVELOPMENT_TEAM = "";
				ENABLE_STRICT_OBJC_MSGSEND = YES;
				ENABLE_TESTABILITY = YES;
				GCC_C_LANGUAGE_STANDARD = gnu11;
				GCC_DYNAMIC_NO_PIC = NO;
				GCC_NO_COMMON_BLOCKS = YES;
				GCC_OPTIMIZATION_LEVEL = 0;
				GCC_PREPROCESSOR_DEFINITIONS = (
					"DEBUG=1",
					"$(inherited)",
				);
				GCC_WARN_64_TO_32_BIT_CONVERSION = YES;
				GCC_WARN_ABOUT_RETURN_TYPE = YES_ERROR;
				GCC_WARN_UNDECLARED_SELECTOR = YES;
				GCC_WARN_UNINITIALIZED_AUTOS = YES_AGGRESSIVE;
				GCC_WARN_UNUSED_FUNCTION = YES;
				GCC_WARN_UNUSED_VARIABLE = YES;
				GENERATE_INFOPLIST_FILE = YES;
				INFOPLIST_KEY_NSHumanReadableCopyright = "";
				INFOPLIST_KEY_NSPrincipalClass = "";
				INSTALL_PATH = "$(LOCAL_LIBRARY_DIR)/Bundles";
				MACOSX_DEPLOYMENT_TARGET = 13.1;
				MARKETING_VERSION = 1.0;
				MTL_ENABLE_DEBUG_INFO = INCLUDE_SOURCE;
				MTL_FAST_MATH = YES;
				ONLY_ACTIVE_ARCH = YES;
				PRODUCT_BUNDLE_IDENTIFIER = org.carthage.AccessibilitySnapshotCoreBundle;
				PRODUCT_NAME = "$(TARGET_NAME)";
				SDKROOT = macosx;
				SKIP_INSTALL = YES;
				SWIFT_EMIT_LOC_STRINGS = YES;
				SWIFT_VERSION = 5.0;
				WRAPPER_EXTENSION = bundle;
			};
			name = Debug;
		};
		EF28C2D82A55CA2700D78303 /* Release */ = {
			isa = XCBuildConfiguration;
			buildSettings = {
				ALWAYS_SEARCH_USER_PATHS = NO;
				CLANG_ANALYZER_NONNULL = YES;
				CLANG_ANALYZER_NUMBER_OBJECT_CONVERSION = YES_AGGRESSIVE;
				CLANG_CXX_LANGUAGE_STANDARD = "gnu++20";
				CLANG_ENABLE_MODULES = YES;
				CLANG_ENABLE_OBJC_ARC = YES;
				CLANG_ENABLE_OBJC_WEAK = YES;
				CLANG_WARN_BLOCK_CAPTURE_AUTORELEASING = YES;
				CLANG_WARN_BOOL_CONVERSION = YES;
				CLANG_WARN_COMMA = YES;
				CLANG_WARN_CONSTANT_CONVERSION = YES;
				CLANG_WARN_DEPRECATED_OBJC_IMPLEMENTATIONS = YES;
				CLANG_WARN_DIRECT_OBJC_ISA_USAGE = YES_ERROR;
				CLANG_WARN_DOCUMENTATION_COMMENTS = YES;
				CLANG_WARN_EMPTY_BODY = YES;
				CLANG_WARN_ENUM_CONVERSION = YES;
				CLANG_WARN_INFINITE_RECURSION = YES;
				CLANG_WARN_INT_CONVERSION = YES;
				CLANG_WARN_NON_LITERAL_NULL_CONVERSION = YES;
				CLANG_WARN_OBJC_IMPLICIT_RETAIN_SELF = YES;
				CLANG_WARN_OBJC_LITERAL_CONVERSION = YES;
				CLANG_WARN_OBJC_ROOT_CLASS = YES_ERROR;
				CLANG_WARN_QUOTED_INCLUDE_IN_FRAMEWORK_HEADER = YES;
				CLANG_WARN_RANGE_LOOP_ANALYSIS = YES;
				CLANG_WARN_STRICT_PROTOTYPES = YES;
				CLANG_WARN_SUSPICIOUS_MOVE = YES;
				CLANG_WARN_UNGUARDED_AVAILABILITY = YES_AGGRESSIVE;
				CLANG_WARN_UNREACHABLE_CODE = YES;
				CLANG_WARN__DUPLICATE_METHOD_MATCH = YES;
				CODE_SIGN_STYLE = Automatic;
				COMBINE_HIDPI_IMAGES = YES;
				COPY_PHASE_STRIP = NO;
				CURRENT_PROJECT_VERSION = 1;
				DEBUG_INFORMATION_FORMAT = "dwarf-with-dsym";
				DEVELOPMENT_TEAM = "";
				ENABLE_NS_ASSERTIONS = NO;
				ENABLE_STRICT_OBJC_MSGSEND = YES;
				GCC_C_LANGUAGE_STANDARD = gnu11;
				GCC_NO_COMMON_BLOCKS = YES;
				GCC_WARN_64_TO_32_BIT_CONVERSION = YES;
				GCC_WARN_ABOUT_RETURN_TYPE = YES_ERROR;
				GCC_WARN_UNDECLARED_SELECTOR = YES;
				GCC_WARN_UNINITIALIZED_AUTOS = YES_AGGRESSIVE;
				GCC_WARN_UNUSED_FUNCTION = YES;
				GCC_WARN_UNUSED_VARIABLE = YES;
				GENERATE_INFOPLIST_FILE = YES;
				INFOPLIST_KEY_NSHumanReadableCopyright = "";
				INFOPLIST_KEY_NSPrincipalClass = "";
				INSTALL_PATH = "$(LOCAL_LIBRARY_DIR)/Bundles";
				MACOSX_DEPLOYMENT_TARGET = 13.1;
				MARKETING_VERSION = 1.0;
				MTL_ENABLE_DEBUG_INFO = NO;
				MTL_FAST_MATH = YES;
				PRODUCT_BUNDLE_IDENTIFIER = org.carthage.AccessibilitySnapshotCoreBundle;
				PRODUCT_NAME = "$(TARGET_NAME)";
				SDKROOT = macosx;
				SKIP_INSTALL = YES;
				SWIFT_EMIT_LOC_STRINGS = YES;
				SWIFT_VERSION = 5.0;
				WRAPPER_EXTENSION = bundle;
			};
			name = Release;
		};
		EF4D51D02A55A3B200FF0E46 /* Debug */ = {
			isa = XCBuildConfiguration;
			buildSettings = {
			};
			name = Debug;
		};
		EF4D51D12A55A3B200FF0E46 /* Release */ = {
			isa = XCBuildConfiguration;
			buildSettings = {
			};
			name = Release;
		};
		EF4D51F52A55A51D00FF0E46 /* Debug */ = {
			isa = XCBuildConfiguration;
			buildSettings = {
				ALWAYS_SEARCH_USER_PATHS = NO;
				BUILD_LIBRARY_FOR_DISTRIBUTION = YES;
				CLANG_ANALYZER_NONNULL = YES;
				CLANG_ANALYZER_NUMBER_OBJECT_CONVERSION = YES_AGGRESSIVE;
				CLANG_CXX_LANGUAGE_STANDARD = "gnu++20";
				CLANG_ENABLE_MODULES = YES;
				CLANG_ENABLE_OBJC_ARC = YES;
				CLANG_ENABLE_OBJC_WEAK = YES;
				CLANG_WARN_BLOCK_CAPTURE_AUTORELEASING = YES;
				CLANG_WARN_BOOL_CONVERSION = YES;
				CLANG_WARN_COMMA = YES;
				CLANG_WARN_CONSTANT_CONVERSION = YES;
				CLANG_WARN_DEPRECATED_OBJC_IMPLEMENTATIONS = YES;
				CLANG_WARN_DIRECT_OBJC_ISA_USAGE = YES_ERROR;
				CLANG_WARN_DOCUMENTATION_COMMENTS = YES;
				CLANG_WARN_EMPTY_BODY = YES;
				CLANG_WARN_ENUM_CONVERSION = YES;
				CLANG_WARN_INFINITE_RECURSION = YES;
				CLANG_WARN_INT_CONVERSION = YES;
				CLANG_WARN_NON_LITERAL_NULL_CONVERSION = YES;
				CLANG_WARN_OBJC_IMPLICIT_RETAIN_SELF = YES;
				CLANG_WARN_OBJC_LITERAL_CONVERSION = YES;
				CLANG_WARN_OBJC_ROOT_CLASS = YES_ERROR;
				CLANG_WARN_QUOTED_INCLUDE_IN_FRAMEWORK_HEADER = YES;
				CLANG_WARN_RANGE_LOOP_ANALYSIS = YES;
				CLANG_WARN_STRICT_PROTOTYPES = YES;
				CLANG_WARN_SUSPICIOUS_MOVE = YES;
				CLANG_WARN_UNGUARDED_AVAILABILITY = YES_AGGRESSIVE;
				CLANG_WARN_UNREACHABLE_CODE = YES;
				CLANG_WARN__DUPLICATE_METHOD_MATCH = YES;
				CODE_SIGN_STYLE = Manual;
				COPY_PHASE_STRIP = NO;
				CURRENT_PROJECT_VERSION = 1;
				DEBUG_INFORMATION_FORMAT = dwarf;
				DEFINES_MODULE = YES;
				DEVELOPMENT_TEAM = "";
				DYLIB_COMPATIBILITY_VERSION = 1;
				DYLIB_CURRENT_VERSION = 1;
				DYLIB_INSTALL_NAME_BASE = "@rpath";
				ENABLE_STRICT_OBJC_MSGSEND = YES;
				ENABLE_TESTABILITY = YES;
				GCC_C_LANGUAGE_STANDARD = gnu11;
				GCC_DYNAMIC_NO_PIC = NO;
				GCC_NO_COMMON_BLOCKS = YES;
				GCC_OPTIMIZATION_LEVEL = 0;
				GCC_PREPROCESSOR_DEFINITIONS = (
					"DEBUG=1",
					"$(inherited)",
				);
				GCC_WARN_64_TO_32_BIT_CONVERSION = YES;
				GCC_WARN_ABOUT_RETURN_TYPE = YES_ERROR;
				GCC_WARN_UNDECLARED_SELECTOR = YES;
				GCC_WARN_UNINITIALIZED_AUTOS = YES_AGGRESSIVE;
				GCC_WARN_UNUSED_FUNCTION = YES;
				GCC_WARN_UNUSED_VARIABLE = YES;
				GENERATE_INFOPLIST_FILE = YES;
				INFOPLIST_KEY_NSHumanReadableCopyright = "";
				INSTALL_PATH = "$(LOCAL_LIBRARY_DIR)/Frameworks";
				IPHONEOS_DEPLOYMENT_TARGET = 13.0;
				LD_RUNPATH_SEARCH_PATHS = (
					"$(inherited)",
					"@executable_path/Frameworks",
					"@loader_path/Frameworks",
				);
				MARKETING_VERSION = 1.0;
				MTL_ENABLE_DEBUG_INFO = INCLUDE_SOURCE;
				MTL_FAST_MATH = YES;
				ONLY_ACTIVE_ARCH = YES;
				PRODUCT_BUNDLE_IDENTIFIER = org.carthage.AccessibilitySnapshotCore;
				PRODUCT_NAME = "$(TARGET_NAME:c99extidentifier)";
				PROVISIONING_PROFILE_SPECIFIER = "";
				SDKROOT = iphoneos;
				SKIP_INSTALL = NO;
				SWIFT_ACTIVE_COMPILATION_CONDITIONS = DEBUG;
				SWIFT_EMIT_LOC_STRINGS = YES;
				SWIFT_OPTIMIZATION_LEVEL = "-Onone";
				SWIFT_VERSION = 5.0;
				TARGETED_DEVICE_FAMILY = "1,2";
				VERSIONING_SYSTEM = "apple-generic";
				VERSION_INFO_PREFIX = "";
			};
			name = Debug;
		};
		EF4D51F62A55A51D00FF0E46 /* Release */ = {
			isa = XCBuildConfiguration;
			buildSettings = {
				ALWAYS_SEARCH_USER_PATHS = NO;
				BUILD_LIBRARY_FOR_DISTRIBUTION = YES;
				CLANG_ANALYZER_NONNULL = YES;
				CLANG_ANALYZER_NUMBER_OBJECT_CONVERSION = YES_AGGRESSIVE;
				CLANG_CXX_LANGUAGE_STANDARD = "gnu++20";
				CLANG_ENABLE_MODULES = YES;
				CLANG_ENABLE_OBJC_ARC = YES;
				CLANG_ENABLE_OBJC_WEAK = YES;
				CLANG_WARN_BLOCK_CAPTURE_AUTORELEASING = YES;
				CLANG_WARN_BOOL_CONVERSION = YES;
				CLANG_WARN_COMMA = YES;
				CLANG_WARN_CONSTANT_CONVERSION = YES;
				CLANG_WARN_DEPRECATED_OBJC_IMPLEMENTATIONS = YES;
				CLANG_WARN_DIRECT_OBJC_ISA_USAGE = YES_ERROR;
				CLANG_WARN_DOCUMENTATION_COMMENTS = YES;
				CLANG_WARN_EMPTY_BODY = YES;
				CLANG_WARN_ENUM_CONVERSION = YES;
				CLANG_WARN_INFINITE_RECURSION = YES;
				CLANG_WARN_INT_CONVERSION = YES;
				CLANG_WARN_NON_LITERAL_NULL_CONVERSION = YES;
				CLANG_WARN_OBJC_IMPLICIT_RETAIN_SELF = YES;
				CLANG_WARN_OBJC_LITERAL_CONVERSION = YES;
				CLANG_WARN_OBJC_ROOT_CLASS = YES_ERROR;
				CLANG_WARN_QUOTED_INCLUDE_IN_FRAMEWORK_HEADER = YES;
				CLANG_WARN_RANGE_LOOP_ANALYSIS = YES;
				CLANG_WARN_STRICT_PROTOTYPES = YES;
				CLANG_WARN_SUSPICIOUS_MOVE = YES;
				CLANG_WARN_UNGUARDED_AVAILABILITY = YES_AGGRESSIVE;
				CLANG_WARN_UNREACHABLE_CODE = YES;
				CLANG_WARN__DUPLICATE_METHOD_MATCH = YES;
				CODE_SIGN_STYLE = Manual;
				COPY_PHASE_STRIP = NO;
				CURRENT_PROJECT_VERSION = 1;
				DEBUG_INFORMATION_FORMAT = "dwarf-with-dsym";
				DEFINES_MODULE = YES;
				DEVELOPMENT_TEAM = "";
				DYLIB_COMPATIBILITY_VERSION = 1;
				DYLIB_CURRENT_VERSION = 1;
				DYLIB_INSTALL_NAME_BASE = "@rpath";
				ENABLE_NS_ASSERTIONS = NO;
				ENABLE_STRICT_OBJC_MSGSEND = YES;
				GCC_C_LANGUAGE_STANDARD = gnu11;
				GCC_NO_COMMON_BLOCKS = YES;
				GCC_WARN_64_TO_32_BIT_CONVERSION = YES;
				GCC_WARN_ABOUT_RETURN_TYPE = YES_ERROR;
				GCC_WARN_UNDECLARED_SELECTOR = YES;
				GCC_WARN_UNINITIALIZED_AUTOS = YES_AGGRESSIVE;
				GCC_WARN_UNUSED_FUNCTION = YES;
				GCC_WARN_UNUSED_VARIABLE = YES;
				GENERATE_INFOPLIST_FILE = YES;
				INFOPLIST_KEY_NSHumanReadableCopyright = "";
				INSTALL_PATH = "$(LOCAL_LIBRARY_DIR)/Frameworks";
				IPHONEOS_DEPLOYMENT_TARGET = 13.0;
				LD_RUNPATH_SEARCH_PATHS = (
					"$(inherited)",
					"@executable_path/Frameworks",
					"@loader_path/Frameworks",
				);
				MARKETING_VERSION = 1.0;
				MTL_ENABLE_DEBUG_INFO = NO;
				MTL_FAST_MATH = YES;
				PRODUCT_BUNDLE_IDENTIFIER = org.carthage.AccessibilitySnapshotCore;
				PRODUCT_NAME = "$(TARGET_NAME:c99extidentifier)";
				PROVISIONING_PROFILE_SPECIFIER = "";
				SDKROOT = iphoneos;
				SKIP_INSTALL = NO;
				SWIFT_COMPILATION_MODE = wholemodule;
				SWIFT_EMIT_LOC_STRINGS = YES;
				SWIFT_OPTIMIZATION_LEVEL = "-O";
				SWIFT_VERSION = 5.0;
				TARGETED_DEVICE_FAMILY = "1,2";
				VALIDATE_PRODUCT = YES;
				VERSIONING_SYSTEM = "apple-generic";
				VERSION_INFO_PREFIX = "";
			};
			name = Release;
		};
/* End XCBuildConfiguration section */

/* Begin XCConfigurationList section */
		EF28C2D62A55CA2700D78303 /* Build configuration list for PBXNativeTarget "AccessibilitySnapshot" */ = {
			isa = XCConfigurationList;
			buildConfigurations = (
				EF28C2D72A55CA2700D78303 /* Debug */,
				EF28C2D82A55CA2700D78303 /* Release */,
			);
			defaultConfigurationIsVisible = 0;
			defaultConfigurationName = Release;
		};
		EF4D51CF2A55A3B200FF0E46 /* Build configuration list for PBXProject "AccessibilitySnapshotCore" */ = {
			isa = XCConfigurationList;
			buildConfigurations = (
				EF4D51D02A55A3B200FF0E46 /* Debug */,
				EF4D51D12A55A3B200FF0E46 /* Release */,
			);
			defaultConfigurationIsVisible = 0;
			defaultConfigurationName = Release;
		};
		EF4D51F42A55A51D00FF0E46 /* Build configuration list for PBXNativeTarget "AccessibilitySnapshotCore" */ = {
			isa = XCConfigurationList;
			buildConfigurations = (
				EF4D51F52A55A51D00FF0E46 /* Debug */,
				EF4D51F62A55A51D00FF0E46 /* Release */,
			);
			defaultConfigurationIsVisible = 0;
			defaultConfigurationName = Release;
		};
/* End XCConfigurationList section */
	};
	rootObject = EF4D51CC2A55A3B200FF0E46 /* Project object */;
}
