PODS:
  - AccessibilitySnapshot/Core (0.5.1)
  - AccessibilitySnapshot/iOSSnapshotTestCase (0.5.1):
    - AccessibilitySnapshot/Core
    - iOSSnapshotTestCase (~> 8.0)
  - AccessibilitySnapshot/SnapshotTesting (0.5.1):
    - AccessibilitySnapshot/Core
    - SnapshotTesting (~> 1.0)
  - iOSSnapshotTestCase (8.0.0):
    - iOSSnapshotTestCase/SwiftSupport (= 8.0.0)
  - iOSSnapshotTestCase/Core (8.0.0)
  - iOSSnapshotTestCase/SwiftSupport (8.0.0):
    - iOSSnapshotTestCase/Core
  - Paralayout (0.9.1)
  - SnapshotTesting (1.9.0)

DEPENDENCIES:
  - AccessibilitySnapshot/Core (from `../AccessibilitySnapshot.podspec`)
  - AccessibilitySnapshot/iOSSnapshotTestCase (from `../AccessibilitySnapshot.podspec`)
  - AccessibilitySnapshot/SnapshotTesting (from `../AccessibilitySnapshot.podspec`)
  - Paralayout (from `https://github.com/square/Paralayout`)
  - SnapshotTesting (= 1.9.0)

SPEC REPOS:
  trunk:
    - iOSSnapshotTestCase
    - SnapshotTesting

EXTERNAL SOURCES:
  AccessibilitySnapshot:
    :path: "../AccessibilitySnapshot.podspec"
  Paralayout:
    :git: https://github.com/square/Paralayout

CHECKOUT OPTIONS:
  Paralayout:
    :commit: 0aaf2f7576a98258d363c853b5b6c63a40bced4f
    :git: https://github.com/square/Paralayout

SPEC CHECKSUMS:
  AccessibilitySnapshot: 30f66cb9786812eb95381d9f763abcf2b6cc57ad
  iOSSnapshotTestCase: a670511f9ee3829c2b9c23e6e68f315fd7b6790f
  Paralayout: f4d6727fca5b592eb93a7cc408e45404599a4b0a
  SnapshotTesting: 6141c48b6aa76ead61431ca665c14ab9a066c53b

PODFILE CHECKSUM: f507f1276a0162c64115b671b571aa8f5d60697f

COCOAPODS: 1.11.0.rc.1
