PODS:
  - AccessibilitySnapshot/Core (0.4.1)
  - AccessibilitySnapshot/iOSSnapshotTestCase (0.4.1):
    - AccessibilitySnapshot/Core
    - iOSSnapshotTestCase (~> 6.0)
  - AccessibilitySnapshot/SnapshotTesting (0.4.1):
    - AccessibilitySnapshot/Core
    - SnapshotTesting (~> 1.0)
  - iOSSnapshotTestCase (6.2.0):
    - iOSSnapshotTestCase/SwiftSupport (= 6.2.0)
  - iOSSnapshotTestCase/Core (6.2.0)
  - iOSSnapshotTestCase/SwiftSupport (6.2.0):
    - iOSSnapshotTestCase/Core
  - Paralayout (0.9.1)
  - SnapshotTesting (1.7.2)

DEPENDENCIES:
  - AccessibilitySnapshot/Core (from `../AccessibilitySnapshot.podspec`)
  - AccessibilitySnapshot/iOSSnapshotTestCase (from `../AccessibilitySnapshot.podspec`)
  - AccessibilitySnapshot/SnapshotTesting (from `../AccessibilitySnapshot.podspec`)
  - Paralayout (from `https://github.com/square/Paralayout`)
  - SnapshotTesting (= 1.7.2)

SPEC REPOS:
  trunk:
    - iOSSnapshotTestCase
    - SnapshotTesting

EXTERNAL SOURCES:
  AccessibilitySnapshot:
    :path: "../AccessibilitySnapshot.podspec"
  Paralayout:
    :git: https://github.com/square/Paralayout

CHECKOUT OPTIONS:
  Paralayout:
    :commit: 0aaf2f7576a98258d363c853b5b6c63a40bced4f
    :git: https://github.com/square/Paralayout

SPEC CHECKSUMS:
  AccessibilitySnapshot: 258a4f554c19b5fa7783689ed8d61ae4680f3f78
  iOSSnapshotTestCase: 9ab44cb5aa62b84d31847f40680112e15ec579a6
  Paralayout: f4d6727fca5b592eb93a7cc408e45404599a4b0a
  SnapshotTesting: 8caa6661fea7c8019d5b46de77c16bab99c36c5c

PODFILE CHECKSUM: 9d965121b60425a32e1b4c884c4c6b7aff62fa52

COCOAPODS: 1.11.0.rc.1
