PODS:
  - AccessibilitySnapshot (0.3.3):
    - AccessibilitySnapshot/Core (= 0.3.3)
    - AccessibilitySnapshot/iOSSnapshotTestCase (= 0.3.3)
  - AccessibilitySnapshot/Core (0.3.3):
    - fishhook (~> 0.2)
  - AccessibilitySnapshot/iOSSnapshotTestCase (0.3.3):
    - AccessibilitySnapshot/Core
    - iOSSnapshotTestCase (~> 6.0)
  - AccessibilitySnapshot/SnapshotTesting (0.3.3):
    - AccessibilitySnapshot/Core
    - SnapshotTesting (~> 1.0)
  - fishhook (0.2)
  - iOSSnapshotTestCase (6.2.0):
    - iOSSnapshotTestCase/SwiftSupport (= 6.2.0)
  - iOSSnapshotTestCase/Core (6.2.0)
  - iOSSnapshotTestCase/SwiftSupport (6.2.0):
    - iOSSnapshotTestCase/Core
  - Paralayout (0.9.1)
  - SnapshotTesting (1.7.2)

DEPENDENCIES:
  - AccessibilitySnapshot (from `../AccessibilitySnapshot.podspec`)
  - AccessibilitySnapshot/Core (from `../AccessibilitySnapshot.podspec`)
  - AccessibilitySnapshot/SnapshotTesting (from `../AccessibilitySnapshot.podspec`)
  - Paralayout (from `https://github.com/square/Paralayout`)

SPEC REPOS:
  trunk:
    - fishhook
    - iOSSnapshotTestCase
    - SnapshotTesting

EXTERNAL SOURCES:
  AccessibilitySnapshot:
    :path: "../AccessibilitySnapshot.podspec"
  Paralayout:
    :git: https://github.com/square/Paralayout

CHECKOUT OPTIONS:
  Paralayout:
    :commit: 404a1f008b86463632edd2b76301e1c00bf90090
    :git: https://github.com/square/Paralayout

SPEC CHECKSUMS:
  AccessibilitySnapshot: efb414282754f419aeb0d30ff5fced3b9c34a493
  fishhook: ea19933abfe8f2f52c55fd8b6e2718467d3ebc89
  iOSSnapshotTestCase: 9ab44cb5aa62b84d31847f40680112e15ec579a6
  Paralayout: f4d6727fca5b592eb93a7cc408e45404599a4b0a
  SnapshotTesting: 8caa6661fea7c8019d5b46de77c16bab99c36c5c

PODFILE CHECKSUM: 909a664616eb8ce5c087424039327435f7f366b7

COCOAPODS: 1.9.1
