{
  "object": {
    "pins": [
      {
        "package": "iOSSnapshotTestCase",
        "repositoryURL": "https://github.com/uber/ios-snapshot-test-case.git",
        "state": {
          "branch": null,
          "revision": "7b10770333a961be6e5a41c9ce04b8c6d3990126",
          "version": "8.0.0"
        }
      },
      {
        "package": "swift-snapshot-testing",
        "repositoryURL": "https://github.com/pointfreeco/swift-snapshot-testing.git",
        "state": {
          "branch": null,
          "revision": "f29e2014f6230cf7d5138fc899da51c7f513d467",
          "version": "1.10.0"
        }
      }
    ]
  },
  "version": 1
}
