{
  "object": {
    "pins": [
      {
        "package": "FBSnapshotTestCase",
        "repositoryURL": "https://github.com/uber/ios-snapshot-test-case.git",
        "state": {
          "branch": null,
          "revision": "6743a701c996d8aa249e1acfbcb4fa7af4365ea6",
          "version": "7.0.0"
        }
      },
      {
        "package": "SnapshotTesting",
        "repositoryURL": "https://github.com/pointfreeco/swift-snapshot-testing.git",
        "state": {
          "branch": null,
          "revision": "c466812aa2e22898f27557e2e780d3aad7a27203",
          "version": "1.8.2"
        }
      }
    ]
  },
  "version": 1
}
